{
  "name": "no-broken-dependency-action-test",
  "version": "1.0.0",
  "lockfileVersion": 1,
  "requires": true,
  "dependencies": {
    "clsx": {
      "version": "1.1.1",
      "resolved": "https://registry.npmjs.org/clsx/-/clsx-1.1.1.tgz",
      "integrity": "sha512-6/bPho624p3S2pMyvP5kKBPXnI3ufHLObBFCfgx+LkeR5lg2XYy2hqZqUf45ypD8COn2bhgGJSUE+l5dhNBieA=="
    },
    "slice-html": {
      "version": "1.0.2",
      "resolved": "https://registry.npmjs.org/slice-html/-/slice-html-1.0.2.tgz",
      "integrity": "sha512-wwX5Diyq4lsEKQXuRMeFoAltO+rkjNr96K9zQLgNlDUQuq/ZpmL5h+BD2KyGQD29VywOx6xZPBuNMtL8UoS5zg=="
    }
  }
}
